
Microsoft Visual Studio Solution File, Format Version 12.00
# Visual Studio Version 17
VisualStudioVersion = 17.11.35327.3
MinimumVisualStudioVersion = 10.0.40219.1
Project("{FAE04EC0-301F-11D3-BF4B-00C04F79EFBC}") = "Advanced ASP.NET", "Advanced ASP.NET\Advanced ASP.NET.csproj", "{65D104B6-E956-4288-A1EF-953D38481165}"
EndProject
Global
	GlobalSection(SolutionConfigurationPlatforms) = preSolution
		Debug|Any CPU = Debug|Any CPU
		Release|Any CPU = Release|Any CPU
	EndGlobalSection
	GlobalSection(ProjectConfigurationPlatforms) = postSolution
		{65D104B6-E956-4288-A1EF-953D38481165}.Debug|Any CPU.ActiveCfg = Debug|Any CPU
		{65D104B6-E956-4288-A1EF-953D38481165}.Debug|Any CPU.Build.0 = Debug|Any CPU
		{65D104B6-E956-4288-A1EF-953D38481165}.Release|Any CPU.ActiveCfg = Release|Any CPU
		{65D104B6-E956-4288-A1EF-953D38481165}.Release|Any CPU.Build.0 = Release|Any CPU
	EndGlobalSection
	GlobalSection(SolutionProperties) = preSolution
		HideSolutionNode = FALSE
	EndGlobalSection
	GlobalSection(ExtensibilityGlobals) = postSolution
		SolutionGuid = {A3F8EE39-F1E7-4202-95B1-98227291807E}
	EndGlobalSection
EndGlobal
